
Microsoft Visual Studio Solution File, Format Version 12.00
# Visual Studio Version 17
VisualStudioVersion = 17.14.36518.9 d17.14
MinimumVisualStudioVersion = 10.0.40219.1
Project("{FAE04EC0-301F-11D3-BF4B-00C04F79EFBC}") = "PositionManagement.Service", "PositionManagement.Service\PositionManagement.Service.csproj", "{5CD003C2-5FBA-4C38-AC44-EF41C3879542}"
EndProject
Global
	GlobalSection(SolutionConfigurationPlatforms) = preSolution
		Debug|Any CPU = Debug|Any CPU
		Release|Any CPU = Release|Any CPU
	EndGlobalSection
	GlobalSection(ProjectConfigurationPlatforms) = postSolution
		{5CD003C2-5FBA-4C38-AC44-EF41C3879542}.Debug|Any CPU.ActiveCfg = Debug|Any CPU
		{5CD003C2-5FBA-4C38-AC44-EF41C3879542}.Debug|Any CPU.Build.0 = Debug|Any CPU
		{5CD003C2-5FBA-4C38-AC44-EF41C3879542}.Release|Any CPU.ActiveCfg = Release|Any CPU
		{5CD003C2-5FBA-4C38-AC44-EF41C3879542}.Release|Any CPU.Build.0 = Release|Any CPU
	EndGlobalSection
	GlobalSection(SolutionProperties) = preSolution
		HideSolutionNode = FALSE
	EndGlobalSection
	GlobalSection(ExtensibilityGlobals) = postSolution
		SolutionGuid = {F962C660-2AEF-4A24-817C-37FB55175154}
	EndGlobalSection
EndGlobal
